
Microsoft Visual Studio Solution File, Format Version 12.00
# Visual Studio Version 17
VisualStudioVersion = 17.14.37111.16 d17.14
MinimumVisualStudioVersion = 10.0.40219.1
Project("{FAE04EC0-301F-11D3-BF4B-00C04F79EFBC}") = "travel-recommendation-and-booking-system", "travel-recommendation-and-booking-system.csproj", "{2AD3635E-75FD-48A6-BD6F-D82D95AD942D}"
EndProject
Global
	GlobalSection(SolutionConfigurationPlatforms) = preSolution
		Debug|Any CPU = Debug|Any CPU
		Release|Any CPU = Release|Any CPU
	EndGlobalSection
	GlobalSection(ProjectConfigurationPlatforms) = postSolution
		{2AD3635E-75FD-48A6-BD6F-D82D95AD942D}.Debug|Any CPU.ActiveCfg = Debug|Any CPU
		{2AD3635E-75FD-48A6-BD6F-D82D95AD942D}.Debug|Any CPU.Build.0 = Debug|Any CPU
		{2AD3635E-75FD-48A6-BD6F-D82D95AD942D}.Release|Any CPU.ActiveCfg = Release|Any CPU
		{2AD3635E-75FD-48A6-BD6F-D82D95AD942D}.Release|Any CPU.Build.0 = Release|Any CPU
	EndGlobalSection
	GlobalSection(SolutionProperties) = preSolution
		HideSolutionNode = FALSE
	EndGlobalSection
	GlobalSection(ExtensibilityGlobals) = postSolution
		SolutionGuid = {AC878C86-D694-4BC5-A6A3-833C676B84E7}
	EndGlobalSection
EndGlobal
